
Microsoft Visual Studio Solution File, Format Version 12.00
# Visual Studio Version 17
VisualStudioVersion = 17.14.36616.10 d17.14
MinimumVisualStudioVersion = 10.0.40219.1
Project("{FAE04EC0-301F-11D3-BF4B-00C04F79EFBC}") = "EventTicketingPlatform", "EventTicketingPlatform\EventTicketingPlatform.csproj", "{660AB703-2909-49C9-8400-30E6EBC41575}"
EndProject
Global
	GlobalSection(SolutionConfigurationPlatforms) = preSolution
		Debug|Any CPU = Debug|Any CPU
		Release|Any CPU = Release|Any CPU
	EndGlobalSection
	GlobalSection(ProjectConfigurationPlatforms) = postSolution
		{660AB703-2909-49C9-8400-30E6EBC41575}.Debug|Any CPU.ActiveCfg = Debug|Any CPU
		{660AB703-2909-49C9-8400-30E6EBC41575}.Debug|Any CPU.Build.0 = Debug|Any CPU
		{660AB703-2909-49C9-8400-30E6EBC41575}.Release|Any CPU.ActiveCfg = Release|Any CPU
		{660AB703-2909-49C9-8400-30E6EBC41575}.Release|Any CPU.Build.0 = Release|Any CPU
	EndGlobalSection
	GlobalSection(SolutionProperties) = preSolution
		HideSolutionNode = FALSE
	EndGlobalSection
	GlobalSection(ExtensibilityGlobals) = postSolution
		SolutionGuid = {FCFD9ABD-B34D-4459-807F-F31D854D5944}
	EndGlobalSection
EndGlobal
